
Microsoft Visual Studio Solution File, Format Version 11.00
# Visual Studio 2010
Project("{2150E333-8FDC-42A3-9474-1A3956D46DE8}") = "CH2", "CH2", "{CBA804DC-6372-44B7-B573-0F74F1D2DE5D}"
	ProjectSection(FolderStartupServices) = postProject
		{B4F97281-0DBD-4835-9ED8-7DFB966E87FF} = {B4F97281-0DBD-4835-9ED8-7DFB966E87FF}
	EndProjectSection
EndProject
Project("{2150E333-8FDC-42A3-9474-1A3956D46DE8}") = "CH3", "CH3", "{84323C62-72D7-4BB3-9D28-42643A51ECA3}"
	ProjectSection(FolderStartupServices) = postProject
		{B4F97281-0DBD-4835-9ED8-7DFB966E87FF} = {B4F97281-0DBD-4835-9ED8-7DFB966E87FF}
	EndProjectSection
EndProject
Project("{2150E333-8FDC-42A3-9474-1A3956D46DE8}") = "Ch4", "Ch4", "{790644B2-AD9D-42A7-B8C6-BA48B2D52ED1}"
	ProjectSection(FolderStartupServices) = postProject
		{B4F97281-0DBD-4835-9ED8-7DFB966E87FF} = {B4F97281-0DBD-4835-9ED8-7DFB966E87FF}
	EndProjectSection
EndProject
Project("{2150E333-8FDC-42A3-9474-1A3956D46DE8}") = "CH5", "CH5", "{0CD11008-DD82-4BC7-BB83-F316DFC8FF9C}"
	ProjectSection(FolderStartupServices) = postProject
		{B4F97281-0DBD-4835-9ED8-7DFB966E87FF} = {B4F97281-0DBD-4835-9ED8-7DFB966E87FF}
	EndProjectSection
EndProject
Project("{2150E333-8FDC-42A3-9474-1A3956D46DE8}") = "Ch1", "Ch1", "{C8681194-B7D3-4324-944A-9260250D500B}"
	ProjectSection(FolderStartupServices) = postProject
		{B4F97281-0DBD-4835-9ED8-7DFB966E87FF} = {B4F97281-0DBD-4835-9ED8-7DFB966E87FF}
	EndProjectSection
EndProject
Project("{2150E333-8FDC-42A3-9474-1A3956D46DE8}") = "Helpers", "Helpers", "{A0360C02-0E62-4FF1-AF56-10731B71E82E}"
	ProjectSection(FolderStartupServices) = postProject
		{B4F97281-0DBD-4835-9ED8-7DFB966E87FF} = {B4F97281-0DBD-4835-9ED8-7DFB966E87FF}
	EndProjectSection
EndProject
Project("{2150E333-8FDC-42A3-9474-1A3956D46DE8}") = "Misc", "Misc", "{889F4759-287F-4B6B-8A04-A89B6EAA24D2}"
EndProject
Project("{2150E333-8FDC-42A3-9474-1A3956D46DE8}") = "CH6", "CH6", "{EC70C4B3-6F79-4578-AA2F-07E394F4D985}"
EndProject
Project("{2150E333-8FDC-42A3-9474-1A3956D46DE8}") = "CH7", "CH7", "{645DC787-1F2C-473E-B1F0-2C2F66EED14D}"
EndProject
Project("{2150E333-8FDC-42A3-9474-1A3956D46DE8}") = "CH8", "CH8", "{D303710F-14F7-4643-8350-B3AC80BC9752}"
EndProject
Project("{2150E333-8FDC-42A3-9474-1A3956D46DE8}") = "CH9", "CH9", "{6230C3A6-92AD-41F7-9921-19E5328ED44E}"
EndProject
Project("{FAE04EC0-301F-11D3-BF4B-00C04F79EFBC}") = "AOUT.CH2.LogAn", "AOUT.LogAn\AOUT.CH2.LogAn.csproj", "{3BE2E29F-B709-4D58-B790-C8CF187CAC31}"
EndProject
Project("{FAE04EC0-301F-11D3-BF4B-00C04F79EFBC}") = "AOUT.CH2.LogAn.Tests", "AOUT.LogAn.Tests\AOUT.CH2.LogAn.Tests.csproj", "{91C0E375-8D3F-4F9D-B7C9-DCC20A29424A}"
EndProject
Project("{FAE04EC0-301F-11D3-BF4B-00C04F79EFBC}") = "AOUT.CH3.LogAn", "AOUT.CH3.LogAn\AOUT.CH3.LogAn.csproj", "{77BDDEE7-CC91-4810-B4D1-6753219C0B6B}"
EndProject
Project("{FAE04EC0-301F-11D3-BF4B-00C04F79EFBC}") = "AOUT.CH3.Logan.Tests", "AOUT.CH3.Logan.Tests\AOUT.CH3.Logan.Tests.csproj", "{A09F514C-1314-4047-8084-6C9CE5A08200}"
EndProject
Project("{FAE04EC0-301F-11D3-BF4B-00C04F79EFBC}") = "AOUT.CH4.LogAn", "AOUT.CH4.LogAn\AOUT.CH4.LogAn.csproj", "{E89EBB85-11C4-43D3-8164-E63D75058E44}"
EndProject
Project("{FAE04EC0-301F-11D3-BF4B-00C04F79EFBC}") = "AOUT.Ch4.LogAn.Test", "AOUT.Ch4.LogAn.Test\AOUT.Ch4.LogAn.Test.csproj", "{DB24E6FA-1808-453B-9920-D7C320502E55}"
EndProject
Project("{FAE04EC0-301F-11D3-BF4B-00C04F79EFBC}") = "AOUT.CH5.LogAn", "AOUT.CH5.LogAn\AOUT.CH5.LogAn.csproj", "{9667A77C-C559-4C99-94C7-BA1BCF0E181C}"
EndProject
Project("{FAE04EC0-301F-11D3-BF4B-00C04F79EFBC}") = "AOUT.CH5.Logan.Tests", "AOUT.CH5.Logan.Tests\AOUT.CH5.Logan.Tests.csproj", "{9C333161-05E5-4B9A-A8DB-037109631FD7}"
EndProject
Project("{FAE04EC0-301F-11D3-BF4B-00C04F79EFBC}") = "AOUT.CH1.Examples", "AOUT.CH1.Examples\AOUT.CH1.Examples.csproj", "{F9F0B894-BD02-426B-996C-515DC39CD0E1}"
EndProject
Project("{FAE04EC0-301F-11D3-BF4B-00C04F79EFBC}") = "AOUT.Ch1.Examples.Tests", "AOUT.Ch1.Examples.Tests\AOUT.Ch1.Examples.Tests.csproj", "{E8EC90B8-2DCC-4EA8-8B1F-468D367E3EBE}"
EndProject
Project("{FAE04EC0-301F-11D3-BF4B-00C04F79EFBC}") = "AOUT.Misc", "AOUT.Misc\AOUT.Misc.csproj", "{3640B350-CE10-433F-884A-6730861AEBDC}"
EndProject
Project("{FAE04EC0-301F-11D3-BF4B-00C04F79EFBC}") = "AOUT.CH6.LogAN", "AOUT.CH6.LogAN\AOUT.CH6.LogAN.csproj", "{EF608245-1CCE-46C8-B0C5-E9120869A57A}"
EndProject
Project("{FAE04EC0-301F-11D3-BF4B-00C04F79EFBC}") = "AOUT.CH6.LogAn.Tests.Unit", "AOUT.CH6.LogAn.Tests\AOUT.CH6.LogAn.Tests.Unit.csproj", "{61862BAC-6068-4AD9-99C2-567AC7347564}"
EndProject
Project("{FAE04EC0-301F-11D3-BF4B-00C04F79EFBC}") = "AOUT.CH6.LogAn.Tests.Integration", "AOUT.CH6.LogAn.Tests.Integration\AOUT.CH6.LogAn.Tests.Integration.csproj", "{559AC686-E785-407A-97ED-59C461234A76}"
EndProject
Project("{FAE04EC0-301F-11D3-BF4B-00C04F79EFBC}") = "AOUT.CH7.LogAn.Tests", "LogAn.Tests\AOUT.CH7.LogAn.Tests.csproj", "{4186C28F-91FE-4DE1-895F-4E888BAC2BF5}"
EndProject
Project("{FAE04EC0-301F-11D3-BF4B-00C04F79EFBC}") = "AOUT.CH7.LogAn", "AOUT.CH7.LogAn\AOUT.CH7.LogAn.csproj", "{397131BA-456F-4099-98EA-F040A5919649}"
EndProject
Project("{FAE04EC0-301F-11D3-BF4B-00C04F79EFBC}") = "AOUT.CH8.Logan", "AOUT.CH8.Logan\AOUT.CH8.Logan.csproj", "{6ABC7548-24B1-4546-9E59-BED8AB387751}"
EndProject
Project("{FAE04EC0-301F-11D3-BF4B-00C04F79EFBC}") = "AOUT.CH8.Logan.Tests", "AOUT.CH8.Logan.Tests\AOUT.CH8.Logan.Tests.csproj", "{2031E309-16F3-47D1-A21F-F91723DF7491}"
EndProject
Project("{FAE04EC0-301F-11D3-BF4B-00C04F79EFBC}") = "AOUT.CH9.Examples", "AOUT.CH9.Examples\AOUT.CH9.Examples.csproj", "{C1AD3E84-7739-4BE8-8800-616AB99E2153}"
EndProject
Project("{FAE04EC0-301F-11D3-BF4B-00C04F79EFBC}") = "AOUT.CH9.Examples.Tests", "AOUT.CH9.Examples.Tests\AOUT.CH9.Examples.Tests.csproj", "{D470FA08-37B1-4468-A755-3F210239FD46}"
EndProject
Global
	GlobalSection(SolutionConfigurationPlatforms) = preSolution
		Debug|Any CPU = Debug|Any CPU
		Release|Any CPU = Release|Any CPU
	EndGlobalSection
	GlobalSection(ProjectConfigurationPlatforms) = postSolution
		{3BE2E29F-B709-4D58-B790-C8CF187CAC31}.Debug|Any CPU.ActiveCfg = Debug|Any CPU
		{3BE2E29F-B709-4D58-B790-C8CF187CAC31}.Debug|Any CPU.Build.0 = Debug|Any CPU
		{3BE2E29F-B709-4D58-B790-C8CF187CAC31}.Release|Any CPU.ActiveCfg = Release|Any CPU
		{3BE2E29F-B709-4D58-B790-C8CF187CAC31}.Release|Any CPU.Build.0 = Release|Any CPU
		{91C0E375-8D3F-4F9D-B7C9-DCC20A29424A}.Debug|Any CPU.ActiveCfg = Debug|Any CPU
		{91C0E375-8D3F-4F9D-B7C9-DCC20A29424A}.Debug|Any CPU.Build.0 = Debug|Any CPU
		{91C0E375-8D3F-4F9D-B7C9-DCC20A29424A}.Release|Any CPU.ActiveCfg = Release|Any CPU
		{91C0E375-8D3F-4F9D-B7C9-DCC20A29424A}.Release|Any CPU.Build.0 = Release|Any CPU
		{77BDDEE7-CC91-4810-B4D1-6753219C0B6B}.Debug|Any CPU.ActiveCfg = Debug|Any CPU
		{77BDDEE7-CC91-4810-B4D1-6753219C0B6B}.Debug|Any CPU.Build.0 = Debug|Any CPU
		{77BDDEE7-CC91-4810-B4D1-6753219C0B6B}.Release|Any CPU.ActiveCfg = Release|Any CPU
		{77BDDEE7-CC91-4810-B4D1-6753219C0B6B}.Release|Any CPU.Build.0 = Release|Any CPU
		{A09F514C-1314-4047-8084-6C9CE5A08200}.Debug|Any CPU.ActiveCfg = Debug|Any CPU
		{A09F514C-1314-4047-8084-6C9CE5A08200}.Debug|Any CPU.Build.0 = Debug|Any CPU
		{A09F514C-1314-4047-8084-6C9CE5A08200}.Release|Any CPU.ActiveCfg = Release|Any CPU
		{A09F514C-1314-4047-8084-6C9CE5A08200}.Release|Any CPU.Build.0 = Release|Any CPU
		{E89EBB85-11C4-43D3-8164-E63D75058E44}.Debug|Any CPU.ActiveCfg = Debug|Any CPU
		{E89EBB85-11C4-43D3-8164-E63D75058E44}.Debug|Any CPU.Build.0 = Debug|Any CPU
		{E89EBB85-11C4-43D3-8164-E63D75058E44}.Release|Any CPU.ActiveCfg = Release|Any CPU
		{E89EBB85-11C4-43D3-8164-E63D75058E44}.Release|Any CPU.Build.0 = Release|Any CPU
		{DB24E6FA-1808-453B-9920-D7C320502E55}.Debug|Any CPU.ActiveCfg = Debug|Any CPU
		{DB24E6FA-1808-453B-9920-D7C320502E55}.Debug|Any CPU.Build.0 = Debug|Any CPU
		{DB24E6FA-1808-453B-9920-D7C320502E55}.Release|Any CPU.ActiveCfg = Release|Any CPU
		{DB24E6FA-1808-453B-9920-D7C320502E55}.Release|Any CPU.Build.0 = Release|Any CPU
		{9667A77C-C559-4C99-94C7-BA1BCF0E181C}.Debug|Any CPU.ActiveCfg = Debug|Any CPU
		{9667A77C-C559-4C99-94C7-BA1BCF0E181C}.Debug|Any CPU.Build.0 = Debug|Any CPU
		{9667A77C-C559-4C99-94C7-BA1BCF0E181C}.Release|Any CPU.ActiveCfg = Release|Any CPU
		{9667A77C-C559-4C99-94C7-BA1BCF0E181C}.Release|Any CPU.Build.0 = Release|Any CPU
		{9C333161-05E5-4B9A-A8DB-037109631FD7}.Debug|Any CPU.ActiveCfg = Debug|Any CPU
		{9C333161-05E5-4B9A-A8DB-037109631FD7}.Debug|Any CPU.Build.0 = Debug|Any CPU
		{9C333161-05E5-4B9A-A8DB-037109631FD7}.Release|Any CPU.ActiveCfg = Release|Any CPU
		{9C333161-05E5-4B9A-A8DB-037109631FD7}.Release|Any CPU.Build.0 = Release|Any CPU
		{F9F0B894-BD02-426B-996C-515DC39CD0E1}.Debug|Any CPU.ActiveCfg = Debug|Any CPU
		{F9F0B894-BD02-426B-996C-515DC39CD0E1}.Debug|Any CPU.Build.0 = Debug|Any CPU
		{F9F0B894-BD02-426B-996C-515DC39CD0E1}.Release|Any CPU.ActiveCfg = Release|Any CPU
		{F9F0B894-BD02-426B-996C-515DC39CD0E1}.Release|Any CPU.Build.0 = Release|Any CPU
		{E8EC90B8-2DCC-4EA8-8B1F-468D367E3EBE}.Debug|Any CPU.ActiveCfg = Debug|Any CPU
		{E8EC90B8-2DCC-4EA8-8B1F-468D367E3EBE}.Debug|Any CPU.Build.0 = Debug|Any CPU
		{E8EC90B8-2DCC-4EA8-8B1F-468D367E3EBE}.Release|Any CPU.ActiveCfg = Release|Any CPU
		{E8EC90B8-2DCC-4EA8-8B1F-468D367E3EBE}.Release|Any CPU.Build.0 = Release|Any CPU
		{3640B350-CE10-433F-884A-6730861AEBDC}.Debug|Any CPU.ActiveCfg = Debug|Any CPU
		{3640B350-CE10-433F-884A-6730861AEBDC}.Debug|Any CPU.Build.0 = Debug|Any CPU
		{3640B350-CE10-433F-884A-6730861AEBDC}.Release|Any CPU.ActiveCfg = Release|Any CPU
		{3640B350-CE10-433F-884A-6730861AEBDC}.Release|Any CPU.Build.0 = Release|Any CPU
		{EF608245-1CCE-46C8-B0C5-E9120869A57A}.Debug|Any CPU.ActiveCfg = Debug|Any CPU
		{EF608245-1CCE-46C8-B0C5-E9120869A57A}.Debug|Any CPU.Build.0 = Debug|Any CPU
		{EF608245-1CCE-46C8-B0C5-E9120869A57A}.Release|Any CPU.ActiveCfg = Release|Any CPU
		{EF608245-1CCE-46C8-B0C5-E9120869A57A}.Release|Any CPU.Build.0 = Release|Any CPU
		{61862BAC-6068-4AD9-99C2-567AC7347564}.Debug|Any CPU.ActiveCfg = Debug|Any CPU
		{61862BAC-6068-4AD9-99C2-567AC7347564}.Debug|Any CPU.Build.0 = Debug|Any CPU
		{61862BAC-6068-4AD9-99C2-567AC7347564}.Release|Any CPU.ActiveCfg = Release|Any CPU
		{61862BAC-6068-4AD9-99C2-567AC7347564}.Release|Any CPU.Build.0 = Release|Any CPU
		{559AC686-E785-407A-97ED-59C461234A76}.Debug|Any CPU.ActiveCfg = Debug|Any CPU
		{559AC686-E785-407A-97ED-59C461234A76}.Debug|Any CPU.Build.0 = Debug|Any CPU
		{559AC686-E785-407A-97ED-59C461234A76}.Release|Any CPU.ActiveCfg = Release|Any CPU
		{559AC686-E785-407A-97ED-59C461234A76}.Release|Any CPU.Build.0 = Release|Any CPU
		{4186C28F-91FE-4DE1-895F-4E888BAC2BF5}.Debug|Any CPU.ActiveCfg = Debug|Any CPU
		{4186C28F-91FE-4DE1-895F-4E888BAC2BF5}.Debug|Any CPU.Build.0 = Debug|Any CPU
		{4186C28F-91FE-4DE1-895F-4E888BAC2BF5}.Release|Any CPU.ActiveCfg = Release|Any CPU
		{4186C28F-91FE-4DE1-895F-4E888BAC2BF5}.Release|Any CPU.Build.0 = Release|Any CPU
		{397131BA-456F-4099-98EA-F040A5919649}.Debug|Any CPU.ActiveCfg = Debug|Any CPU
		{397131BA-456F-4099-98EA-F040A5919649}.Debug|Any CPU.Build.0 = Debug|Any CPU
		{397131BA-456F-4099-98EA-F040A5919649}.Release|Any CPU.ActiveCfg = Release|Any CPU
		{397131BA-456F-4099-98EA-F040A5919649}.Release|Any CPU.Build.0 = Release|Any CPU
		{6ABC7548-24B1-4546-9E59-BED8AB387751}.Debug|Any CPU.ActiveCfg = Debug|Any CPU
		{6ABC7548-24B1-4546-9E59-BED8AB387751}.Debug|Any CPU.Build.0 = Debug|Any CPU
		{6ABC7548-24B1-4546-9E59-BED8AB387751}.Release|Any CPU.ActiveCfg = Release|Any CPU
		{6ABC7548-24B1-4546-9E59-BED8AB387751}.Release|Any CPU.Build.0 = Release|Any CPU
		{2031E309-16F3-47D1-A21F-F91723DF7491}.Debug|Any CPU.ActiveCfg = Debug|Any CPU
		{2031E309-16F3-47D1-A21F-F91723DF7491}.Debug|Any CPU.Build.0 = Debug|Any CPU
		{2031E309-16F3-47D1-A21F-F91723DF7491}.Release|Any CPU.ActiveCfg = Release|Any CPU
		{2031E309-16F3-47D1-A21F-F91723DF7491}.Release|Any CPU.Build.0 = Release|Any CPU
		{C1AD3E84-7739-4BE8-8800-616AB99E2153}.Debug|Any CPU.ActiveCfg = Debug|Any CPU
		{C1AD3E84-7739-4BE8-8800-616AB99E2153}.Debug|Any CPU.Build.0 = Debug|Any CPU
		{C1AD3E84-7739-4BE8-8800-616AB99E2153}.Release|Any CPU.ActiveCfg = Release|Any CPU
		{C1AD3E84-7739-4BE8-8800-616AB99E2153}.Release|Any CPU.Build.0 = Release|Any CPU
		{D470FA08-37B1-4468-A755-3F210239FD46}.Debug|Any CPU.ActiveCfg = Debug|Any CPU
		{D470FA08-37B1-4468-A755-3F210239FD46}.Debug|Any CPU.Build.0 = Debug|Any CPU
		{D470FA08-37B1-4468-A755-3F210239FD46}.Release|Any CPU.ActiveCfg = Release|Any CPU
		{D470FA08-37B1-4468-A755-3F210239FD46}.Release|Any CPU.Build.0 = Release|Any CPU
	EndGlobalSection
	GlobalSection(SolutionProperties) = preSolution
		HideSolutionNode = FALSE
	EndGlobalSection
	GlobalSection(NestedProjects) = preSolution
		{3BE2E29F-B709-4D58-B790-C8CF187CAC31} = {CBA804DC-6372-44B7-B573-0F74F1D2DE5D}
		{91C0E375-8D3F-4F9D-B7C9-DCC20A29424A} = {CBA804DC-6372-44B7-B573-0F74F1D2DE5D}
		{77BDDEE7-CC91-4810-B4D1-6753219C0B6B} = {84323C62-72D7-4BB3-9D28-42643A51ECA3}
		{A09F514C-1314-4047-8084-6C9CE5A08200} = {84323C62-72D7-4BB3-9D28-42643A51ECA3}
		{E89EBB85-11C4-43D3-8164-E63D75058E44} = {790644B2-AD9D-42A7-B8C6-BA48B2D52ED1}
		{DB24E6FA-1808-453B-9920-D7C320502E55} = {790644B2-AD9D-42A7-B8C6-BA48B2D52ED1}
		{9667A77C-C559-4C99-94C7-BA1BCF0E181C} = {0CD11008-DD82-4BC7-BB83-F316DFC8FF9C}
		{9C333161-05E5-4B9A-A8DB-037109631FD7} = {0CD11008-DD82-4BC7-BB83-F316DFC8FF9C}
		{F9F0B894-BD02-426B-996C-515DC39CD0E1} = {C8681194-B7D3-4324-944A-9260250D500B}
		{E8EC90B8-2DCC-4EA8-8B1F-468D367E3EBE} = {C8681194-B7D3-4324-944A-9260250D500B}
		{3640B350-CE10-433F-884A-6730861AEBDC} = {889F4759-287F-4B6B-8A04-A89B6EAA24D2}
		{EF608245-1CCE-46C8-B0C5-E9120869A57A} = {EC70C4B3-6F79-4578-AA2F-07E394F4D985}
		{61862BAC-6068-4AD9-99C2-567AC7347564} = {EC70C4B3-6F79-4578-AA2F-07E394F4D985}
		{559AC686-E785-407A-97ED-59C461234A76} = {EC70C4B3-6F79-4578-AA2F-07E394F4D985}
		{4186C28F-91FE-4DE1-895F-4E888BAC2BF5} = {645DC787-1F2C-473E-B1F0-2C2F66EED14D}
		{397131BA-456F-4099-98EA-F040A5919649} = {645DC787-1F2C-473E-B1F0-2C2F66EED14D}
		{6ABC7548-24B1-4546-9E59-BED8AB387751} = {D303710F-14F7-4643-8350-B3AC80BC9752}
		{2031E309-16F3-47D1-A21F-F91723DF7491} = {D303710F-14F7-4643-8350-B3AC80BC9752}
		{C1AD3E84-7739-4BE8-8800-616AB99E2153} = {6230C3A6-92AD-41F7-9921-19E5328ED44E}
		{D470FA08-37B1-4468-A755-3F210239FD46} = {6230C3A6-92AD-41F7-9921-19E5328ED44E}
	EndGlobalSection
	GlobalSection(TextTemplating) = postSolution
		TextTemplating = 1
	EndGlobalSection
EndGlobal
